// !$*UTF8*$!
{
	archiveVersion = 1;
	classes = {
	};
	objectVersion = 46;
	objects = {

/* Begin PBXBuildFile section */
		049D9DF21D8DE67600D459F7 /* AppDelegate.swift in Sources */ = {isa = PBXBuildFile; fileRef = 049D9DF11D8DE67600D459F7 /* AppDelegate.swift */; };
		049D9DF41D8DE67600D459F7 /* ViewController.swift in Sources */ = {isa = PBXBuildFile; fileRef = 049D9DF31D8DE67600D459F7 /* ViewController.swift */; };
		049D9DF71D8DE67600D459F7 /* Main.storyboard in Resources */ = {isa = PBXBuildFile; fileRef = 049D9DF51D8DE67600D459F7 /* Main.storyboard */; };
		049D9DF91D8DE67600D459F7 /* Assets.xcassets in Resources */ = {isa = PBXBuildFile; fileRef = 049D9DF81D8DE67600D459F7 /* Assets.xcassets */; };
		049D9DFC1D8DE67600D459F7 /* LaunchScreen.storyboard in Resources */ = {isa = PBXBuildFile; fileRef = 049D9DFA1D8DE67600D459F7 /* LaunchScreen.storyboard */; };
/* End PBXBuildFile section */

/* Begin PBXFileReference section */
		049D9DEE1D8DE67600D459F7 /* Hacking2.app */ = {isa = PBXFileReference; explicitFileType = wrapper.application; includeInIndex = 0; path = Hacking2.app; sourceTree = BUILT_PRODUCTS_DIR; };
		049D9DF11D8DE67600D459F7 /* AppDelegate.swift */ = {isa = PBXFileReference; lastKnownFileType = sourcecode.swift; path = AppDelegate.swift; sourceTree = "<group>"; };
		049D9DF31D8DE67600D459F7 /* ViewController.swift */ = {isa = PBXFileReference; lastKnownFileType = sourcecode.swift; path = ViewController.swift; sourceTree = "<group>"; };
		049D9DF61D8DE67600D459F7 /* Base */ = {isa = PBXFileReference; lastKnownFileType = file.storyboard; name = Base; path = Base.lproj/Main.storyboard; sourceTree = "<group>"; };
		049D9DF81D8DE67600D459F7 /* Assets.xcassets */ = {isa = PBXFileReference; lastKnownFileType = folder.assetcatalog; path = Assets.xcassets; sourceTree = "<group>"; };
		049D9DFB1D8DE67600D459F7 /* Base */ = {isa = PBXFileReference; lastKnownFileType = file.storyboard; name = Base; path = Base.lproj/LaunchScreen.storyboard; sourceTree = "<group>"; };
		049D9DFD1D8DE67600D459F7 /* Info.plist */ = {isa = PBXFileReference; lastKnownFileType = text.plist.xml; path = Info.plist; sourceTree = "<group>"; };
/* End PBXFileReference section */

/* Begin PBXFrameworksBuildPhase section */
		049D9DEB1D8DE67600D459F7 /* Frameworks */ = {
			isa = PBXFrameworksBuildPhase;
			buildActionMask = 2147483647;
			files = (
			);
			runOnlyForDeploymentPostprocessing = 0;
		};
/* End PBXFrameworksBuildPhase section */

/* Begin PBXGroup section */
		049D9DE51D8DE67600D459F7 = {
			isa = PBXGroup;
			children = (
				049D9DF01D8DE67600D459F7 /* Hacking2 */,
				049D9DEF1D8DE67600D459F7 /* Products */,
			);
			sourceTree = "<group>";
		};
		049D9DEF1D8DE67600D459F7 /* Products */ = {
			isa = PBXGroup;
			children = (
				049D9DEE1D8DE67600D459F7 /* Hacking2.app */,
			);
			name = Products;
			sourceTree = "<group>";
		};
		049D9DF01D8DE67600D459F7 /* Hacking2 */ = {
			isa = PBXGroup;
			children = (
				049D9DF11D8DE67600D459F7 /* AppDelegate.swift */,
				049D9DF31D8DE67600D459F7 /* ViewController.swift */,
				049D9DF51D8DE67600D459F7 /* Main.storyboard */,
				049D9DF81D8DE67600D459F7 /* Assets.xcassets */,
				049D9DFA1D8DE67600D459F7 /* LaunchScreen.storyboard */,
				049D9DFD1D8DE67600D459F7 /* Info.plist */,
			);
			path = Hacking2;
			sourceTree = "<group>";
		};
/* End PBXGroup section */

/* Begin PBXNativeTarget section */
		049D9DED1D8DE67600D459F7 /* Hacking2 */ = {
			isa = PBXNativeTarget;
			buildConfigurationList = 049D9E001D8DE67600D459F7 /* Build configuration list for PBXNativeTarget "Hacking2" */;
			buildPhases = (
				049D9DEA1D8DE67600D459F7 /* Sources */,
				049D9DEB1D8DE67600D459F7 /* Frameworks */,
				049D9DEC1D8DE67600D459F7 /* Resources */,
			);
			buildRules = (
			);
			dependencies = (
			);
			name = Hacking2;
			productName = Hacking2;
			productReference = 049D9DEE1D8DE67600D459F7 /* Hacking2.app */;
			productType = "com.apple.product-type.application";
		};
/* End PBXNativeTarget section */

/* Begin PBXProject section */
		049D9DE61D8DE67600D459F7 /* Project object */ = {
			isa = PBXProject;
			attributes = {
				LastSwiftUpdateCheck = 0800;
				LastUpgradeCheck = 0800;
				ORGANIZATIONNAME = mac;
				TargetAttributes = {
					049D9DED1D8DE67600D459F7 = {
						CreatedOnToolsVersion = 8.0;
						ProvisioningStyle = Automatic;
					};
				};
			};
			buildConfigurationList = 049D9DE91D8DE67600D459F7 /* Build configuration list for PBXProject "Hacking2" */;
			compatibilityVersion = "Xcode 3.2";
			developmentRegion = English;
			hasScannedForEncodings = 0;
			knownRegions = (
				en,
				Base,
			);
			mainGroup = 049D9DE51D8DE67600D459F7;
			productRefGroup = 049D9DEF1D8DE67600D459F7 /* Products */;
			projectDirPath = "";
			projectRoot = "";
			targets = (
				049D9DED1D8DE67600D459F7 /* Hacking2 */,
			);
		};
/* End PBXProject section */

/* Begin PBXResourcesBuildPhase section */
		049D9DEC1D8DE67600D459F7 /* Resources */ = {
			isa = PBXResourcesBuildPhase;
			buildActionMask = 2147483647;
			files = (
				049D9DFC1D8DE67600D459F7 /* LaunchScreen.storyboard in Resources */,
				049D9DF91D8DE67600D459F7 /* Assets.xcassets in Resources */,
				049D9DF71D8DE67600D459F7 /* Main.storyboard in Resources */,
			);
			runOnlyForDeploymentPostprocessing = 0;
		};
/* End PBXResourcesBuildPhase section */

/* Begin PBXSourcesBuildPhase section */
		049D9DEA1D8DE67600D459F7 /* Sources */ = {
			isa = PBXSourcesBuildPhase;
			buildActionMask = 2147483647;
			files = (
				049D9DF41D8DE67600D459F7 /* ViewController.swift in Sources */,
				049D9DF21D8DE67600D459F7 /* AppDelegate.swift in Sources */,
			);
			runOnlyForDeploymentPostprocessing = 0;
		};
/* End PBXSourcesBuildPhase section */

/* Begin PBXVariantGroup section */
		049D9DF51D8DE67600D459F7 /* Main.storyboard */ = {
			isa = PBXVariantGroup;
			children = (
				049D9DF61D8DE67600D459F7 /* Base */,
			);
			name = Main.storyboard;
			sourceTree = "<group>";
		};
		049D9DFA1D8DE67600D459F7 /* LaunchScreen.storyboard */ = {
			isa = PBXVariantGroup;
			children = (
				049D9DFB1D8DE67600D459F7 /* Base */,
			);
			name = LaunchScreen.storyboard;
			sourceTree = "<group>";
		};
/* End PBXVariantGroup section */

/* Begin XCBuildConfiguration section */
		049D9DFE1D8DE67600D459F7 /* Debug */ = {
			isa = XCBuildConfiguration;
			buildSettings = {
				ALWAYS_SEARCH_USER_PATHS = NO;
				CLANG_ANALYZER_NONNULL = YES;
				CLANG_CXX_LANGUAGE_STANDARD = "gnu++0x";
				CLANG_CXX_LIBRARY = "libc++";
				CLANG_ENABLE_MODULES = YES;
				CLANG_ENABLE_OBJC_ARC = YES;
				CLANG_WARN_BOOL_CONVERSION = YES;
				CLANG_WARN_CONSTANT_CONVERSION = YES;
				CLANG_WARN_DIRECT_OBJC_ISA_USAGE = YES_ERROR;
				CLANG_WARN_DOCUMENTATION_COMMENTS = YES;
				CLANG_WARN_EMPTY_BODY = YES;
				CLANG_WARN_ENUM_CONVERSION = YES;
				CLANG_WARN_INFINITE_RECURSION = YES;
				CLANG_WARN_INT_CONVERSION = YES;
				CLANG_WARN_OBJC_ROOT_CLASS = YES_ERROR;
				CLANG_WARN_SUSPICIOUS_MOVES = YES;
				CLANG_WARN_UNREACHABLE_CODE = YES;
				CLANG_WARN__DUPLICATE_METHOD_MATCH = YES;
				"CODE_SIGN_IDENTITY[sdk=iphoneos*]" = "iPhone Developer";
				COPY_PHASE_STRIP = NO;
				DEBUG_INFORMATION_FORMAT = dwarf;
				ENABLE_STRICT_OBJC_MSGSEND = YES;
				ENABLE_TESTABILITY = YES;
				GCC_C_LANGUAGE_STANDARD = gnu99;
				GCC_DYNAMIC_NO_PIC = NO;
				GCC_NO_COMMON_BLOCKS = YES;
				GCC_OPTIMIZATION_LEVEL = 0;
				GCC_PREPROCESSOR_DEFINITIONS = (
					"DEBUG=1",
					"$(inherited)",
				);
				GCC_WARN_64_TO_32_BIT_CONVERSION = YES;
				GCC_WARN_ABOUT_RETURN_TYPE = YES_ERROR;
				GCC_WARN_UNDECLARED_SELECTOR = YES;
				GCC_WARN_UNINITIALIZED_AUTOS = YES_AGGRESSIVE;
				GCC_WARN_UNUSED_FUNCTION = YES;
				GCC_WARN_UNUSED_VARIABLE = YES;
				IPHONEOS_DEPLOYMENT_TARGET = 10.0;
				MTL_ENABLE_DEBUG_INFO = YES;
				ONLY_ACTIVE_ARCH = YES;
				SDKROOT = iphoneos;
				SWIFT_ACTIVE_COMPILATION_CONDITIONS = DEBUG;
				SWIFT_OPTIMIZATION_LEVEL = "-Onone";
				TARGETED_DEVICE_FAMILY = "1,2";
			};
			name = Debug;
		};
		049D9DFF1D8DE67600D459F7 /* Release */ = {
			isa = XCBuildConfiguration;
			buildSettings = {
				ALWAYS_SEARCH_USER_PATHS = NO;
				CLANG_ANALYZER_NONNULL = YES;
				CLANG_CXX_LANGUAGE_STANDARD = "gnu++0x";
				CLANG_CXX_LIBRARY = "libc++";
				CLANG_ENABLE_MODULES = YES;
				CLANG_ENABLE_OBJC_ARC = YES;
				CLANG_WARN_BOOL_CONVERSION = YES;
				CLANG_WARN_CONSTANT_CONVERSION = YES;
				CLANG_WARN_DIRECT_OBJC_ISA_USAGE = YES_ERROR;
				CLANG_WARN_DOCUMENTATION_COMMENTS = YES;
				CLANG_WARN_EMPTY_BODY = YES;
				CLANG_WARN_ENUM_CONVERSION = YES;
				CLANG_WARN_INFINITE_RECURSION = YES;
				CLANG_WARN_INT_CONVERSION = YES;
				CLANG_WARN_OBJC_ROOT_CLASS = YES_ERROR;
				CLANG_WARN_SUSPICIOUS_MOVES = YES;
				CLANG_WARN_UNREACHABLE_CODE = YES;
				CLANG_WARN__DUPLICATE_METHOD_MATCH = YES;
				"CODE_SIGN_IDENTITY[sdk=iphoneos*]" = "iPhone Developer";
				COPY_PHASE_STRIP = NO;
				DEBUG_INFORMATION_FORMAT = "dwarf-with-dsym";
				ENABLE_NS_ASSERTIONS = NO;
				ENABLE_STRICT_OBJC_MSGSEND = YES;
				GCC_C_LANGUAGE_STANDARD = gnu99;
				GCC_NO_COMMON_BLOCKS = YES;
				GCC_WARN_64_TO_32_BIT_CONVERSION = YES;
				GCC_WARN_ABOUT_RETURN_TYPE = YES_ERROR;
				GCC_WARN_UNDECLARED_SELECTOR = YES;
				GCC_WARN_UNINITIALIZED_AUTOS = YES_AGGRESSIVE;
				GCC_WARN_UNUSED_FUNCTION = YES;
				GCC_WARN_UNUSED_VARIABLE = YES;
				IPHONEOS_DEPLOYMENT_TARGET = 10.0;
				MTL_ENABLE_DEBUG_INFO = NO;
				SDKROOT = iphoneos;
				SWIFT_OPTIMIZATION_LEVEL = "-Owholemodule";
				TARGETED_DEVICE_FAMILY = "1,2";
				VALIDATE_PRODUCT = YES;
			};
			name = Release;
		};
		049D9E011D8DE67600D459F7 /* Debug */ = {
			isa = XCBuildConfiguration;
			buildSettings = {
				ASSETCATALOG_COMPILER_APPICON_NAME = AppIcon;
				INFOPLIST_FILE = Hacking2/Info.plist;
				LD_RUNPATH_SEARCH_PATHS = "$(inherited) @executable_path/Frameworks";
				PRODUCT_BUNDLE_IDENTIFIER = mac.Hacking2;
				PRODUCT_NAME = "$(TARGET_NAME)";
				SWIFT_VERSION = 3.0;
			};
			name = Debug;
		};
		049D9E021D8DE67600D459F7 /* Release */ = {
			isa = XCBuildConfiguration;
			buildSettings = {
				ASSETCATALOG_COMPILER_APPICON_NAME = AppIcon;
				INFOPLIST_FILE = Hacking2/Info.plist;
				LD_RUNPATH_SEARCH_PATHS = "$(inherited) @executable_path/Frameworks";
				PRODUCT_BUNDLE_IDENTIFIER = mac.Hacking2;
				PRODUCT_NAME = "$(TARGET_NAME)";
				SWIFT_VERSION = 3.0;
			};
			name = Release;
		};
/* End XCBuildConfiguration section */

/* Begin XCConfigurationList section */
		049D9DE91D8DE67600D459F7 /* Build configuration list for PBXProject "Hacking2" */ = {
			isa = XCConfigurationList;
			buildConfigurations = (
				049D9DFE1D8DE67600D459F7 /* Debug */,
				049D9DFF1D8DE67600D459F7 /* Release */,
			);
			defaultConfigurationIsVisible = 0;
			defaultConfigurationName = Release;
		};
		049D9E001D8DE67600D459F7 /* Build configuration list for PBXNativeTarget "Hacking2" */ = {
			isa = XCConfigurationList;
			buildConfigurations = (
				049D9E011D8DE67600D459F7 /* Debug */,
				049D9E021D8DE67600D459F7 /* Release */,
			);
			defaultConfigurationIsVisible = 0;
		};
/* End XCConfigurationList section */
	};
	rootObject = 049D9DE61D8DE67600D459F7 /* Project object */;
}
